
Microsoft Visual Studio Solution File, Format Version 12.00
# Visual Studio 15
VisualStudioVersion = 15.0.27703.2035
MinimumVisualStudioVersion = 10.0.40219.1
Project("{FAE04EC0-301F-11D3-BF4B-00C04F79EFBC}") = "AdvanceTest", "AdvanceTest\AdvanceTest.csproj", "{7FAB539F-A4E6-4F67-A882-1E7DB78EB954}"
EndProject
Global
	GlobalSection(SolutionConfigurationPlatforms) = preSolution
		Debug|Any CPU = Debug|Any CPU
		Release|Any CPU = Release|Any CPU
	EndGlobalSection
	GlobalSection(ProjectConfigurationPlatforms) = postSolution
		{7FAB539F-A4E6-4F67-A882-1E7DB78EB954}.Debug|Any CPU.ActiveCfg = Debug|Any CPU
		{7FAB539F-A4E6-4F67-A882-1E7DB78EB954}.Debug|Any CPU.Build.0 = Debug|Any CPU
		{7FAB539F-A4E6-4F67-A882-1E7DB78EB954}.Release|Any CPU.ActiveCfg = Release|Any CPU
		{7FAB539F-A4E6-4F67-A882-1E7DB78EB954}.Release|Any CPU.Build.0 = Release|Any CPU
	EndGlobalSection
	GlobalSection(SolutionProperties) = preSolution
		HideSolutionNode = FALSE
	EndGlobalSection
	GlobalSection(ExtensibilityGlobals) = postSolution
		SolutionGuid = {09B9B3AA-EC96-4791-A2B3-51F8AECB6583}
	EndGlobalSection
EndGlobal
